github.com/atharvYadavXperate/newCicd v0.0.0-20260223161940-12470d39f8ef h1:donxpzSZ2u7DfhxPCp3IaH3EughBs68/cAYF1v2KDxw=
github.com/atharvYadavXperate/newCicd v0.0.0-20260223161940-12470d39f8ef/go.mod h1:6EyGlCLSYtS7WT67MnNtNPu4eg0muW+sS1fVPB4CGIg=
github.com/atharvYadavXperate/newCicd v0.0.0-20260223172412-8016a49500ad h1:RW2U+W6aIQH4xZyIrNz+pZ1RiAF34roSmTY6nCoS0y0=
github.com/atharvYadavXperate/newCicd v0.0.0-20260223172412-8016a49500ad/go.mod h1:6EyGlCLSYtS7WT67MnNtNPu4eg0muW+sS1fVPB4CGIg=
