github.com/atharvYadavXperate/newCicd v0.0.0-20260224043709-db262ec0ebe2 h1:CiD8Niff9yZSd3z2GGYICANNwRzmaqGwNtqLBRXzudU=
github.com/atharvYadavXperate/newCicd v0.0.0-20260224043709-db262ec0ebe2/go.mod h1:6EyGlCLSYtS7WT67MnNtNPu4eg0muW+sS1fVPB4CGIg=
github.com/atharvYadavXperate/newCicd v0.0.0-20260224063016-0efd7f447360 h1:hTJhK5DCKxULLYRAVdLrYN/1u43/CgyTRse75mMk+iA=
github.com/atharvYadavXperate/newCicd v0.0.0-20260224063016-0efd7f447360/go.mod h1:6EyGlCLSYtS7WT67MnNtNPu4eg0muW+sS1fVPB4CGIg=
